
Microsoft Visual Studio Solution File, Format Version 12.00
# Visual Studio Version 16
VisualStudioVersion = 16.0.30114.105
MinimumVisualStudioVersion = 10.0.40219.1
Project("{FAE04EC0-301F-11D3-BF4B-00C04F79EFBC}") = "Assessment2", "Assessment2.csproj", "{2B19692E-E9E0-4E50-BEE9-062355185501}"
EndProject
Project("{FAE04EC0-301F-11D3-BF4B-00C04F79EFBC}") = "Assessment2Tests", "..\Assessment2Tests\Assessment2Tests.csproj", "{9C0586D0-5E26-415E-BDE8-89A6D1D113DB}"
EndProject
Global
	GlobalSection(SolutionConfigurationPlatforms) = preSolution
		Debug|Any CPU = Debug|Any CPU
		Release|Any CPU = Release|Any CPU
	EndGlobalSection
	GlobalSection(ProjectConfigurationPlatforms) = postSolution
		{2B19692E-E9E0-4E50-BEE9-062355185501}.Debug|Any CPU.ActiveCfg = Debug|Any CPU
		{2B19692E-E9E0-4E50-BEE9-062355185501}.Debug|Any CPU.Build.0 = Debug|Any CPU
		{2B19692E-E9E0-4E50-BEE9-062355185501}.Release|Any CPU.ActiveCfg = Release|Any CPU
		{2B19692E-E9E0-4E50-BEE9-062355185501}.Release|Any CPU.Build.0 = Release|Any CPU
		{9C0586D0-5E26-415E-BDE8-89A6D1D113DB}.Debug|Any CPU.ActiveCfg = Debug|Any CPU
		{9C0586D0-5E26-415E-BDE8-89A6D1D113DB}.Debug|Any CPU.Build.0 = Debug|Any CPU
		{9C0586D0-5E26-415E-BDE8-89A6D1D113DB}.Release|Any CPU.ActiveCfg = Release|Any CPU
		{9C0586D0-5E26-415E-BDE8-89A6D1D113DB}.Release|Any CPU.Build.0 = Release|Any CPU
	EndGlobalSection
	GlobalSection(SolutionProperties) = preSolution
		HideSolutionNode = FALSE
	EndGlobalSection
	GlobalSection(ExtensibilityGlobals) = postSolution
		SolutionGuid = {D64E2BE2-5AFF-4182-BB2E-F63F9FADA6A1}
	EndGlobalSection
EndGlobal
